// !$*UTF8*$!
{
	archiveVersion = 1;
	classes = {
	};
	objectVersion = 55;
	objects = {

/* Begin PBXBuildFile section */
		5D0E40E228B60CC000B9E85B /* CalculetionViewModel.swift in Sources */ = {isa = PBXBuildFile; fileRef = 5D0E40E128B60CC000B9E85B /* CalculetionViewModel.swift */; };
		5D1041D128A549B300EBBAC1 /* CoreDataInteraction.swift in Sources */ = {isa = PBXBuildFile; fileRef = 5D1041D028A549B300EBBAC1 /* CoreDataInteraction.swift */; };
		5D122625287C238F00FF3A0A /* BookCollectionViewCell.swift in Sources */ = {isa = PBXBuildFile; fileRef = 5D122624287C238F00FF3A0A /* BookCollectionViewCell.swift */; };
		5D13FCAC287AB3F400F5DF4D /* AppDelegate.swift in Sources */ = {isa = PBXBuildFile; fileRef = 5D13FCAB287AB3F400F5DF4D /* AppDelegate.swift */; };
		5D13FCAE287AB3F400F5DF4D /* SceneDelegate.swift in Sources */ = {isa = PBXBuildFile; fileRef = 5D13FCAD287AB3F400F5DF4D /* SceneDelegate.swift */; };
		5D13FCB0287AB3F400F5DF4D /* TabBarController.swift in Sources */ = {isa = PBXBuildFile; fileRef = 5D13FCAF287AB3F400F5DF4D /* TabBarController.swift */; };
		5D13FCB6287AB3F400F5DF4D /* RecipeBook.xcdatamodeld in Sources */ = {isa = PBXBuildFile; fileRef = 5D13FCB4287AB3F400F5DF4D /* RecipeBook.xcdatamodeld */; };
		5D13FCB8287AB3F600F5DF4D /* Assets.xcassets in Resources */ = {isa = PBXBuildFile; fileRef = 5D13FCB7287AB3F600F5DF4D /* Assets.xcassets */; };
		5D13FCBB287AB3F600F5DF4D /* LaunchScreen.storyboard in Resources */ = {isa = PBXBuildFile; fileRef = 5D13FCB9287AB3F600F5DF4D /* LaunchScreen.storyboard */; };
		5D13FCC7287ABAC600F5DF4D /* BookViewController.swift in Sources */ = {isa = PBXBuildFile; fileRef = 5D13FCC6287ABAC600F5DF4D /* BookViewController.swift */; };
		5D13FCC9287ABAD900F5DF4D /* CalculationViewController.swift in Sources */ = {isa = PBXBuildFile; fileRef = 5D13FCC8287ABAD900F5DF4D /* CalculationViewController.swift */; };
		5D13FCCB287ABAEA00F5DF4D /* FavoritesViewController.swift in Sources */ = {isa = PBXBuildFile; fileRef = 5D13FCCA287ABAEA00F5DF4D /* FavoritesViewController.swift */; };
		5D16EE7928914EC700C7EEF8 /* CoreDataStack.swift in Sources */ = {isa = PBXBuildFile; fileRef = 5D16EE7828914EC700C7EEF8 /* CoreDataStack.swift */; };
		5D1ACD6A28D5CDFD009108D9 /* AddRecipeViewModel.swift in Sources */ = {isa = PBXBuildFile; fileRef = 5D1ACD6928D5CDFD009108D9 /* AddRecipeViewModel.swift */; };
		5D1ACD6C28D5CFDD009108D9 /* AddRecipeUICreator.swift in Sources */ = {isa = PBXBuildFile; fileRef = 5D1ACD6B28D5CFDD009108D9 /* AddRecipeUICreator.swift */; };
		5D2E12EA28843EC2003601BB /* BookCellViewModel.swift in Sources */ = {isa = PBXBuildFile; fileRef = 5D2E12E928843EC2003601BB /* BookCellViewModel.swift */; };
		5D3706F328B136B0000B65F8 /* ColorHelper.swift in Sources */ = {isa = PBXBuildFile; fileRef = 5D3706F228B136B0000B65F8 /* ColorHelper.swift */; };
		5D37877B28C127DF00B1AA4F /* ModuleBuilder.swift in Sources */ = {isa = PBXBuildFile; fileRef = 5D37877A28C127DF00B1AA4F /* ModuleBuilder.swift */; };
		5D4148AD2886B9C7006AA00A /* DetailRecipeViewController.swift in Sources */ = {isa = PBXBuildFile; fileRef = 5D4148AC2886B9C7006AA00A /* DetailRecipeViewController.swift */; };
		5D4148AF2886B9F7006AA00A /* DetailRecipeViewModel.swift in Sources */ = {isa = PBXBuildFile; fileRef = 5D4148AE2886B9F7006AA00A /* DetailRecipeViewModel.swift */; };
		5D4E011028B88ECC005B375A /* NumberPadView.swift in Sources */ = {isa = PBXBuildFile; fileRef = 5D4E010F28B88ECC005B375A /* NumberPadView.swift */; };
		5D4E011228B8E1E8005B375A /* CustomUIButton.swift in Sources */ = {isa = PBXBuildFile; fileRef = 5D4E011128B8E1E8005B375A /* CustomUIButton.swift */; };
		5D4E011428B8EBC3005B375A /* DisplayView.swift in Sources */ = {isa = PBXBuildFile; fileRef = 5D4E011328B8EBC3005B375A /* DisplayView.swift */; };
		5D5AA8D128BA7B7000A936EB /* CalculateModel.swift in Sources */ = {isa = PBXBuildFile; fileRef = 5D5AA8D028BA7B7000A936EB /* CalculateModel.swift */; };
		5D67383A289A753E000714CA /* Box.swift in Sources */ = {isa = PBXBuildFile; fileRef = 5D673839289A753E000714CA /* Box.swift */; };
		5D6DFD3C28CE1B1100A77817 /* AddButtonView.swift in Sources */ = {isa = PBXBuildFile; fileRef = 5D6DFD3B28CE1B1100A77817 /* AddButtonView.swift */; };
		5D7678B928A925020094C002 /* FavoritesViewModel.swift in Sources */ = {isa = PBXBuildFile; fileRef = 5D7678B828A925020094C002 /* FavoritesViewModel.swift */; };
		5D7678BC28A9253B0094C002 /* FavoritesTableViewCell.swift in Sources */ = {isa = PBXBuildFile; fileRef = 5D7678BB28A9253B0094C002 /* FavoritesTableViewCell.swift */; };
		5D7678BE28A92A840094C002 /* FavoritesCellViewModel.swift in Sources */ = {isa = PBXBuildFile; fileRef = 5D7678BD28A92A840094C002 /* FavoritesCellViewModel.swift */; };
		5D9E3C89288013FB003667FA /* AddRecipeViewController.swift in Sources */ = {isa = PBXBuildFile; fileRef = 5D9E3C88288013FB003667FA /* AddRecipeViewController.swift */; };
		5DAF954A28CF7F8400F37170 /* ExtencionUIAplication.swift in Sources */ = {isa = PBXBuildFile; fileRef = 5DAF954928CF7F8300F37170 /* ExtencionUIAplication.swift */; };
		5DAF954E28CF88DA00F37170 /* DetailUICreator.swift in Sources */ = {isa = PBXBuildFile; fileRef = 5DAF954D28CF88DA00F37170 /* DetailUICreator.swift */; };
		5DE6750A28B23D92006211E7 /* ExtensionUIImage.swift in Sources */ = {isa = PBXBuildFile; fileRef = 5DE6750928B23D92006211E7 /* ExtensionUIImage.swift */; };
		5DF60DF1287DDEFF00D72AAC /* RecipeModel.swift in Sources */ = {isa = PBXBuildFile; fileRef = 5DF60DF0287DDEFF00D72AAC /* RecipeModel.swift */; };
		5DF60DF3287DE3F700D72AAC /* BookViewModel.swift in Sources */ = {isa = PBXBuildFile; fileRef = 5DF60DF2287DE3F700D72AAC /* BookViewModel.swift */; };
/* End PBXBuildFile section */

/* Begin PBXFileReference section */
		5D0E40E128B60CC000B9E85B /* CalculetionViewModel.swift */ = {isa = PBXFileReference; lastKnownFileType = sourcecode.swift; path = CalculetionViewModel.swift; sourceTree = "<group>"; };
		5D1041D028A549B300EBBAC1 /* CoreDataInteraction.swift */ = {isa = PBXFileReference; lastKnownFileType = sourcecode.swift; path = CoreDataInteraction.swift; sourceTree = "<group>"; };
		5D122624287C238F00FF3A0A /* BookCollectionViewCell.swift */ = {isa = PBXFileReference; lastKnownFileType = sourcecode.swift; path = BookCollectionViewCell.swift; sourceTree = "<group>"; };
		5D13FCA8287AB3F400F5DF4D /* RecipeBook.app */ = {isa = PBXFileReference; explicitFileType = wrapper.application; includeInIndex = 0; path = RecipeBook.app; sourceTree = BUILT_PRODUCTS_DIR; };
		5D13FCAB287AB3F400F5DF4D /* AppDelegate.swift */ = {isa = PBXFileReference; lastKnownFileType = sourcecode.swift; path = AppDelegate.swift; sourceTree = "<group>"; };
		5D13FCAD287AB3F400F5DF4D /* SceneDelegate.swift */ = {isa = PBXFileReference; lastKnownFileType = sourcecode.swift; path = SceneDelegate.swift; sourceTree = "<group>"; };
		5D13FCAF287AB3F400F5DF4D /* TabBarController.swift */ = {isa = PBXFileReference; lastKnownFileType = sourcecode.swift; path = TabBarController.swift; sourceTree = "<group>"; };
		5D13FCB5287AB3F400F5DF4D /* RecipeBook.xcdatamodel */ = {isa = PBXFileReference; lastKnownFileType = wrapper.xcdatamodel; path = RecipeBook.xcdatamodel; sourceTree = "<group>"; };
		5D13FCB7287AB3F600F5DF4D /* Assets.xcassets */ = {isa = PBXFileReference; lastKnownFileType = folder.assetcatalog; path = Assets.xcassets; sourceTree = "<group>"; };
		5D13FCBA287AB3F600F5DF4D /* Base */ = {isa = PBXFileReference; lastKnownFileType = file.storyboard; name = Base; path = Base.lproj/LaunchScreen.storyboard; sourceTree = "<group>"; };
		5D13FCBC287AB3F600F5DF4D /* Info.plist */ = {isa = PBXFileReference; lastKnownFileType = text.plist.xml; path = Info.plist; sourceTree = "<group>"; };
		5D13FCC6287ABAC600F5DF4D /* BookViewController.swift */ = {isa = PBXFileReference; lastKnownFileType = sourcecode.swift; path = BookViewController.swift; sourceTree = "<group>"; };
		5D13FCC8287ABAD900F5DF4D /* CalculationViewController.swift */ = {isa = PBXFileReference; lastKnownFileType = sourcecode.swift; path = CalculationViewController.swift; sourceTree = "<group>"; };
		5D13FCCA287ABAEA00F5DF4D /* FavoritesViewController.swift */ = {isa = PBXFileReference; lastKnownFileType = sourcecode.swift; path = FavoritesViewController.swift; sourceTree = "<group>"; };
		5D16EE7828914EC700C7EEF8 /* CoreDataStack.swift */ = {isa = PBXFileReference; lastKnownFileType = sourcecode.swift; path = CoreDataStack.swift; sourceTree = "<group>"; };
		5D1ACD6928D5CDFD009108D9 /* AddRecipeViewModel.swift */ = {isa = PBXFileReference; lastKnownFileType = sourcecode.swift; path = AddRecipeViewModel.swift; sourceTree = "<group>"; };
		5D1ACD6B28D5CFDD009108D9 /* AddRecipeUICreator.swift */ = {isa = PBXFileReference; lastKnownFileType = sourcecode.swift; path = AddRecipeUICreator.swift; sourceTree = "<group>"; };
		5D2E12E928843EC2003601BB /* BookCellViewModel.swift */ = {isa = PBXFileReference; lastKnownFileType = sourcecode.swift; path = BookCellViewModel.swift; sourceTree = "<group>"; };
		5D3706F228B136B0000B65F8 /* ColorHelper.swift */ = {isa = PBXFileReference; lastKnownFileType = sourcecode.swift; path = ColorHelper.swift; sourceTree = "<group>"; };
		5D37877A28C127DF00B1AA4F /* ModuleBuilder.swift */ = {isa = PBXFileReference; lastKnownFileType = sourcecode.swift; path = ModuleBuilder.swift; sourceTree = "<group>"; };
		5D4148AC2886B9C7006AA00A /* DetailRecipeViewController.swift */ = {isa = PBXFileReference; lastKnownFileType = sourcecode.swift; path = DetailRecipeViewController.swift; sourceTree = "<group>"; };
		5D4148AE2886B9F7006AA00A /* DetailRecipeViewModel.swift */ = {isa = PBXFileReference; lastKnownFileType = sourcecode.swift; path = DetailRecipeViewModel.swift; sourceTree = "<group>"; };
		5D4E010F28B88ECC005B375A /* NumberPadView.swift */ = {isa = PBXFileReference; lastKnownFileType = sourcecode.swift; path = NumberPadView.swift; sourceTree = "<group>"; };
		5D4E011128B8E1E8005B375A /* CustomUIButton.swift */ = {isa = PBXFileReference; lastKnownFileType = sourcecode.swift; path = CustomUIButton.swift; sourceTree = "<group>"; };
		5D4E011328B8EBC3005B375A /* DisplayView.swift */ = {isa = PBXFileReference; lastKnownFileType = sourcecode.swift; path = DisplayView.swift; sourceTree = "<group>"; };
		5D5AA8D028BA7B7000A936EB /* CalculateModel.swift */ = {isa = PBXFileReference; lastKnownFileType = sourcecode.swift; path = CalculateModel.swift; sourceTree = "<group>"; };
		5D673839289A753E000714CA /* Box.swift */ = {isa = PBXFileReference; lastKnownFileType = sourcecode.swift; path = Box.swift; sourceTree = "<group>"; };
		5D6DFD3B28CE1B1100A77817 /* AddButtonView.swift */ = {isa = PBXFileReference; lastKnownFileType = sourcecode.swift; path = AddButtonView.swift; sourceTree = "<group>"; };
		5D7678B828A925020094C002 /* FavoritesViewModel.swift */ = {isa = PBXFileReference; lastKnownFileType = sourcecode.swift; path = FavoritesViewModel.swift; sourceTree = "<group>"; };
		5D7678BB28A9253B0094C002 /* FavoritesTableViewCell.swift */ = {isa = PBXFileReference; lastKnownFileType = sourcecode.swift; path = FavoritesTableViewCell.swift; sourceTree = "<group>"; };
		5D7678BD28A92A840094C002 /* FavoritesCellViewModel.swift */ = {isa = PBXFileReference; lastKnownFileType = sourcecode.swift; path = FavoritesCellViewModel.swift; sourceTree = "<group>"; };
		5D9E3C88288013FB003667FA /* AddRecipeViewController.swift */ = {isa = PBXFileReference; lastKnownFileType = sourcecode.swift; path = AddRecipeViewController.swift; sourceTree = "<group>"; };
		5DAF954928CF7F8300F37170 /* ExtencionUIAplication.swift */ = {isa = PBXFileReference; lastKnownFileType = sourcecode.swift; path = ExtencionUIAplication.swift; sourceTree = "<group>"; };
		5DAF954D28CF88DA00F37170 /* DetailUICreator.swift */ = {isa = PBXFileReference; lastKnownFileType = sourcecode.swift; path = DetailUICreator.swift; sourceTree = "<group>"; };
		5DE6750928B23D92006211E7 /* ExtensionUIImage.swift */ = {isa = PBXFileReference; lastKnownFileType = sourcecode.swift; path = ExtensionUIImage.swift; sourceTree = "<group>"; };
		5DF60DF0287DDEFF00D72AAC /* RecipeModel.swift */ = {isa = PBXFileReference; lastKnownFileType = sourcecode.swift; path = RecipeModel.swift; sourceTree = "<group>"; };
		5DF60DF2287DE3F700D72AAC /* BookViewModel.swift */ = {isa = PBXFileReference; lastKnownFileType = sourcecode.swift; path = BookViewModel.swift; sourceTree = "<group>"; };
/* End PBXFileReference section */

/* Begin PBXFrameworksBuildPhase section */
		5D13FCA5287AB3F400F5DF4D /* Frameworks */ = {
			isa = PBXFrameworksBuildPhase;
			buildActionMask = 2147483647;
			files = (
			);
			runOnlyForDeploymentPostprocessing = 0;
		};
/* End PBXFrameworksBuildPhase section */

/* Begin PBXGroup section */
		5D13FC9F287AB3F400F5DF4D = {
			isa = PBXGroup;
			children = (
				5D13FCAA287AB3F400F5DF4D /* RecipeBook */,
				5D13FCA9287AB3F400F5DF4D /* Products */,
			);
			sourceTree = "<group>";
		};
		5D13FCA9287AB3F400F5DF4D /* Products */ = {
			isa = PBXGroup;
			children = (
				5D13FCA8287AB3F400F5DF4D /* RecipeBook.app */,
			);
			name = Products;
			sourceTree = "<group>";
		};
		5D13FCAA287AB3F400F5DF4D /* RecipeBook */ = {
			isa = PBXGroup;
			children = (
				5D13FCAB287AB3F400F5DF4D /* AppDelegate.swift */,
				5D13FCAD287AB3F400F5DF4D /* SceneDelegate.swift */,
				5D673839289A753E000714CA /* Box.swift */,
				5D37877A28C127DF00B1AA4F /* ModuleBuilder.swift */,
				5D4E011128B8E1E8005B375A /* CustomUIButton.swift */,
				5D5AAEF928E83CE6008D19ED /* Extensions */,
				5D5AAEFA28E83D41008D19ED /* Helpers */,
				5D13FCC5287AB92500F5DF4D /* TabBarModule */,
				5D16EE7A28915E4A00C7EEF8 /* CoreDataLayer */,
				5D3EC374287B5D8700A8B1F7 /* Model */,
				5D9E3C872880139D003667FA /* AddRecipeModule */,
				5D13FCC2287AB42000F5DF4D /* BookModule */,
				5D13FCC3287AB42F00F5DF4D /* CalculationModule */,
				5D13FCC4287AB59A00F5DF4D /* FavoritesModule */,
				5DAF954B28CF817800F37170 /* DetailModule */,
				5D13FCB7287AB3F600F5DF4D /* Assets.xcassets */,
				5D13FCB9287AB3F600F5DF4D /* LaunchScreen.storyboard */,
				5D13FCBC287AB3F600F5DF4D /* Info.plist */,
			);
			path = RecipeBook;
			sourceTree = "<group>";
		};
		5D13FCC2287AB42000F5DF4D /* BookModule */ = {
			isa = PBXGroup;
			children = (
				5D3EC375287B5DA100A8B1F7 /* ViewModel */,
				5D3EC373287B5D7B00A8B1F7 /* View */,
			);
			path = BookModule;
			sourceTree = "<group>";
		};
		5D13FCC3287AB42F00F5DF4D /* CalculationModule */ = {
			isa = PBXGroup;
			children = (
				5D5AAEF828E7FDC0008D19ED /* Model */,
				5D5AAEF728E7FDB1008D19ED /* ViewModel */,
				5D5AAEF628E7FD9A008D19ED /* View */,
			);
			path = CalculationModule;
			sourceTree = "<group>";
		};
		5D13FCC4287AB59A00F5DF4D /* FavoritesModule */ = {
			isa = PBXGroup;
			children = (
				5D7678B728A924DE0094C002 /* ViewModel */,
				5D7678B628A924C90094C002 /* View */,
			);
			path = FavoritesModule;
			sourceTree = "<group>";
		};
		5D13FCC5287AB92500F5DF4D /* TabBarModule */ = {
			isa = PBXGroup;
			children = (
				5D13FCAF287AB3F400F5DF4D /* TabBarController.swift */,
			);
			path = TabBarModule;
			sourceTree = "<group>";
		};
		5D16EE7A28915E4A00C7EEF8 /* CoreDataLayer */ = {
			isa = PBXGroup;
			children = (
				5D1041D028A549B300EBBAC1 /* CoreDataInteraction.swift */,
				5D16EE7828914EC700C7EEF8 /* CoreDataStack.swift */,
				5D13FCB4287AB3F400F5DF4D /* RecipeBook.xcdatamodeld */,
			);
			path = CoreDataLayer;
			sourceTree = "<group>";
		};
		5D3EC373287B5D7B00A8B1F7 /* View */ = {
			isa = PBXGroup;
			children = (
				5D13FCC6287ABAC600F5DF4D /* BookViewController.swift */,
				5D122624287C238F00FF3A0A /* BookCollectionViewCell.swift */,
				5D6DFD3B28CE1B1100A77817 /* AddButtonView.swift */,
			);
			path = View;
			sourceTree = "<group>";
		};
		5D3EC374287B5D8700A8B1F7 /* Model */ = {
			isa = PBXGroup;
			children = (
				5DF60DF0287DDEFF00D72AAC /* RecipeModel.swift */,
			);
			path = Model;
			sourceTree = "<group>";
		};
		5D3EC375287B5DA100A8B1F7 /* ViewModel */ = {
			isa = PBXGroup;
			children = (
				5DF60DF2287DE3F700D72AAC /* BookViewModel.swift */,
				5D2E12E928843EC2003601BB /* BookCellViewModel.swift */,
			);
			path = ViewModel;
			sourceTree = "<group>";
		};
		5D4148AB2886B99E006AA00A /* DetailRecipeView */ = {
			isa = PBXGroup;
			children = (
				5D4148AC2886B9C7006AA00A /* DetailRecipeViewController.swift */,
				5DAF954D28CF88DA00F37170 /* DetailUICreator.swift */,
			);
			path = DetailRecipeView;
			sourceTree = "<group>";
		};
		5D5AAEF628E7FD9A008D19ED /* View */ = {
			isa = PBXGroup;
			children = (
				5D13FCC8287ABAD900F5DF4D /* CalculationViewController.swift */,
				5D4E010F28B88ECC005B375A /* NumberPadView.swift */,
				5D4E011328B8EBC3005B375A /* DisplayView.swift */,
			);
			path = View;
			sourceTree = "<group>";
		};
		5D5AAEF728E7FDB1008D19ED /* ViewModel */ = {
			isa = PBXGroup;
			children = (
				5D0E40E128B60CC000B9E85B /* CalculetionViewModel.swift */,
			);
			path = ViewModel;
			sourceTree = "<group>";
		};
		5D5AAEF828E7FDC0008D19ED /* Model */ = {
			isa = PBXGroup;
			children = (
				5D5AA8D028BA7B7000A936EB /* CalculateModel.swift */,
			);
			path = Model;
			sourceTree = "<group>";
		};
		5D5AAEF928E83CE6008D19ED /* Extensions */ = {
			isa = PBXGroup;
			children = (
				5DAF954928CF7F8300F37170 /* ExtencionUIAplication.swift */,
				5DE6750928B23D92006211E7 /* ExtensionUIImage.swift */,
			);
			path = Extensions;
			sourceTree = "<group>";
		};
		5D5AAEFA28E83D41008D19ED /* Helpers */ = {
			isa = PBXGroup;
			children = (
				5D3706F228B136B0000B65F8 /* ColorHelper.swift */,
			);
			name = Helpers;
			sourceTree = "<group>";
		};
		5D7678B628A924C90094C002 /* View */ = {
			isa = PBXGroup;
			children = (
				5D13FCCA287ABAEA00F5DF4D /* FavoritesViewController.swift */,
				5D7678BB28A9253B0094C002 /* FavoritesTableViewCell.swift */,
			);
			path = View;
			sourceTree = "<group>";
		};
		5D7678B728A924DE0094C002 /* ViewModel */ = {
			isa = PBXGroup;
			children = (
				5D7678B828A925020094C002 /* FavoritesViewModel.swift */,
				5D7678BD28A92A840094C002 /* FavoritesCellViewModel.swift */,
			);
			path = ViewModel;
			sourceTree = "<group>";
		};
		5D87AC5028D7AD8A00C5BC94 /* View */ = {
			isa = PBXGroup;
			children = (
				5D9E3C88288013FB003667FA /* AddRecipeViewController.swift */,
				5D1ACD6B28D5CFDD009108D9 /* AddRecipeUICreator.swift */,
			);
			path = View;
			sourceTree = "<group>";
		};
		5D87AC5128D7AD9800C5BC94 /* ViewModel */ = {
			isa = PBXGroup;
			children = (
				5D1ACD6928D5CDFD009108D9 /* AddRecipeViewModel.swift */,
			);
			path = ViewModel;
			sourceTree = "<group>";
		};
		5D9E3C872880139D003667FA /* AddRecipeModule */ = {
			isa = PBXGroup;
			children = (
				5D87AC5128D7AD9800C5BC94 /* ViewModel */,
				5D87AC5028D7AD8A00C5BC94 /* View */,
			);
			path = AddRecipeModule;
			sourceTree = "<group>";
		};
		5DAF954B28CF817800F37170 /* DetailModule */ = {
			isa = PBXGroup;
			children = (
				5DAF954C28CF819800F37170 /* DetailViewModel */,
				5D4148AB2886B99E006AA00A /* DetailRecipeView */,
			);
			path = DetailModule;
			sourceTree = "<group>";
		};
		5DAF954C28CF819800F37170 /* DetailViewModel */ = {
			isa = PBXGroup;
			children = (
				5D4148AE2886B9F7006AA00A /* DetailRecipeViewModel.swift */,
			);
			path = DetailViewModel;
			sourceTree = "<group>";
		};
/* End PBXGroup section */

/* Begin PBXNativeTarget section */
		5D13FCA7287AB3F400F5DF4D /* RecipeBook */ = {
			isa = PBXNativeTarget;
			buildConfigurationList = 5D13FCBF287AB3F600F5DF4D /* Build configuration list for PBXNativeTarget "RecipeBook" */;
			buildPhases = (
				5D13FCA4287AB3F400F5DF4D /* Sources */,
				5D13FCA5287AB3F400F5DF4D /* Frameworks */,
				5D13FCA6287AB3F400F5DF4D /* Resources */,
			);
			buildRules = (
			);
			dependencies = (
			);
			name = RecipeBook;
			productName = RecipeBook;
			productReference = 5D13FCA8287AB3F400F5DF4D /* RecipeBook.app */;
			productType = "com.apple.product-type.application";
		};
/* End PBXNativeTarget section */

/* Begin PBXProject section */
		5D13FCA0287AB3F400F5DF4D /* Project object */ = {
			isa = PBXProject;
			attributes = {
				BuildIndependentTargetsInParallel = 1;
				LastSwiftUpdateCheck = 1330;
				LastUpgradeCheck = 1330;
				TargetAttributes = {
					5D13FCA7287AB3F400F5DF4D = {
						CreatedOnToolsVersion = 13.3.1;
					};
				};
			};
			buildConfigurationList = 5D13FCA3287AB3F400F5DF4D /* Build configuration list for PBXProject "RecipeBook" */;
			compatibilityVersion = "Xcode 13.0";
			developmentRegion = en;
			hasScannedForEncodings = 0;
			knownRegions = (
				en,
				Base,
			);
			mainGroup = 5D13FC9F287AB3F400F5DF4D;
			productRefGroup = 5D13FCA9287AB3F400F5DF4D /* Products */;
			projectDirPath = "";
			projectRoot = "";
			targets = (
				5D13FCA7287AB3F400F5DF4D /* RecipeBook */,
			);
		};
/* End PBXProject section */

/* Begin PBXResourcesBuildPhase section */
		5D13FCA6287AB3F400F5DF4D /* Resources */ = {
			isa = PBXResourcesBuildPhase;
			buildActionMask = 2147483647;
			files = (
				5D13FCBB287AB3F600F5DF4D /* LaunchScreen.storyboard in Resources */,
				5D13FCB8287AB3F600F5DF4D /* Assets.xcassets in Resources */,
			);
			runOnlyForDeploymentPostprocessing = 0;
		};
/* End PBXResourcesBuildPhase section */

/* Begin PBXSourcesBuildPhase section */
		5D13FCA4287AB3F400F5DF4D /* Sources */ = {
			isa = PBXSourcesBuildPhase;
			buildActionMask = 2147483647;
			files = (
				5D1ACD6A28D5CDFD009108D9 /* AddRecipeViewModel.swift in Sources */,
				5DF60DF3287DE3F700D72AAC /* BookViewModel.swift in Sources */,
				5D9E3C89288013FB003667FA /* AddRecipeViewController.swift in Sources */,
				5D13FCB0287AB3F400F5DF4D /* TabBarController.swift in Sources */,
				5DAF954A28CF7F8400F37170 /* ExtencionUIAplication.swift in Sources */,
				5D13FCAC287AB3F400F5DF4D /* AppDelegate.swift in Sources */,
				5D5AA8D128BA7B7000A936EB /* CalculateModel.swift in Sources */,
				5D13FCCB287ABAEA00F5DF4D /* FavoritesViewController.swift in Sources */,
				5D4148AF2886B9F7006AA00A /* DetailRecipeViewModel.swift in Sources */,
				5D7678BE28A92A840094C002 /* FavoritesCellViewModel.swift in Sources */,
				5D16EE7928914EC700C7EEF8 /* CoreDataStack.swift in Sources */,
				5D1ACD6C28D5CFDD009108D9 /* AddRecipeUICreator.swift in Sources */,
				5D67383A289A753E000714CA /* Box.swift in Sources */,
				5DAF954E28CF88DA00F37170 /* DetailUICreator.swift in Sources */,
				5D4148AD2886B9C7006AA00A /* DetailRecipeViewController.swift in Sources */,
				5D3706F328B136B0000B65F8 /* ColorHelper.swift in Sources */,
				5D0E40E228B60CC000B9E85B /* CalculetionViewModel.swift in Sources */,
				5D37877B28C127DF00B1AA4F /* ModuleBuilder.swift in Sources */,
				5D122625287C238F00FF3A0A /* BookCollectionViewCell.swift in Sources */,
				5D6DFD3C28CE1B1100A77817 /* AddButtonView.swift in Sources */,
				5D7678B928A925020094C002 /* FavoritesViewModel.swift in Sources */,
				5D13FCC7287ABAC600F5DF4D /* BookViewController.swift in Sources */,
				5D4E011428B8EBC3005B375A /* DisplayView.swift in Sources */,
				5D2E12EA28843EC2003601BB /* BookCellViewModel.swift in Sources */,
				5DF60DF1287DDEFF00D72AAC /* RecipeModel.swift in Sources */,
				5DE6750A28B23D92006211E7 /* ExtensionUIImage.swift in Sources */,
				5D1041D128A549B300EBBAC1 /* CoreDataInteraction.swift in Sources */,
				5D13FCB6287AB3F400F5DF4D /* RecipeBook.xcdatamodeld in Sources */,
				5D4E011028B88ECC005B375A /* NumberPadView.swift in Sources */,
				5D13FCC9287ABAD900F5DF4D /* CalculationViewController.swift in Sources */,
				5D13FCAE287AB3F400F5DF4D /* SceneDelegate.swift in Sources */,
				5D4E011228B8E1E8005B375A /* CustomUIButton.swift in Sources */,
				5D7678BC28A9253B0094C002 /* FavoritesTableViewCell.swift in Sources */,
			);
			runOnlyForDeploymentPostprocessing = 0;
		};
/* End PBXSourcesBuildPhase section */

/* Begin PBXVariantGroup section */
		5D13FCB9287AB3F600F5DF4D /* LaunchScreen.storyboard */ = {
			isa = PBXVariantGroup;
			children = (
				5D13FCBA287AB3F600F5DF4D /* Base */,
			);
			name = LaunchScreen.storyboard;
			sourceTree = "<group>";
		};
/* End PBXVariantGroup section */

/* Begin XCBuildConfiguration section */
		5D13FCBD287AB3F600F5DF4D /* Debug */ = {
			isa = XCBuildConfiguration;
			buildSettings = {
				ALWAYS_SEARCH_USER_PATHS = NO;
				CLANG_ANALYZER_NONNULL = YES;
				CLANG_ANALYZER_NUMBER_OBJECT_CONVERSION = YES_AGGRESSIVE;
				CLANG_CXX_LANGUAGE_STANDARD = "gnu++17";
				CLANG_ENABLE_MODULES = YES;
				CLANG_ENABLE_OBJC_ARC = YES;
				CLANG_ENABLE_OBJC_WEAK = YES;
				CLANG_WARN_BLOCK_CAPTURE_AUTORELEASING = YES;
				CLANG_WARN_BOOL_CONVERSION = YES;
				CLANG_WARN_COMMA = YES;
				CLANG_WARN_CONSTANT_CONVERSION = YES;
				CLANG_WARN_DEPRECATED_OBJC_IMPLEMENTATIONS = YES;
				CLANG_WARN_DIRECT_OBJC_ISA_USAGE = YES_ERROR;
				CLANG_WARN_DOCUMENTATION_COMMENTS = YES;
				CLANG_WARN_EMPTY_BODY = YES;
				CLANG_WARN_ENUM_CONVERSION = YES;
				CLANG_WARN_INFINITE_RECURSION = YES;
				CLANG_WARN_INT_CONVERSION = YES;
				CLANG_WARN_NON_LITERAL_NULL_CONVERSION = YES;
				CLANG_WARN_OBJC_IMPLICIT_RETAIN_SELF = YES;
				CLANG_WARN_OBJC_LITERAL_CONVERSION = YES;
				CLANG_WARN_OBJC_ROOT_CLASS = YES_ERROR;
				CLANG_WARN_QUOTED_INCLUDE_IN_FRAMEWORK_HEADER = YES;
				CLANG_WARN_RANGE_LOOP_ANALYSIS = YES;
				CLANG_WARN_STRICT_PROTOTYPES = YES;
				CLANG_WARN_SUSPICIOUS_MOVE = YES;
				CLANG_WARN_UNGUARDED_AVAILABILITY = YES_AGGRESSIVE;
				CLANG_WARN_UNREACHABLE_CODE = YES;
				CLANG_WARN__DUPLICATE_METHOD_MATCH = YES;
				COPY_PHASE_STRIP = NO;
				DEBUG_INFORMATION_FORMAT = dwarf;
				ENABLE_STRICT_OBJC_MSGSEND = YES;
				ENABLE_TESTABILITY = YES;
				GCC_C_LANGUAGE_STANDARD = gnu11;
				GCC_DYNAMIC_NO_PIC = NO;
				GCC_NO_COMMON_BLOCKS = YES;
				GCC_OPTIMIZATION_LEVEL = 0;
				GCC_PREPROCESSOR_DEFINITIONS = (
					"DEBUG=1",
					"$(inherited)",
				);
				GCC_WARN_64_TO_32_BIT_CONVERSION = YES;
				GCC_WARN_ABOUT_RETURN_TYPE = YES_ERROR;
				GCC_WARN_UNDECLARED_SELECTOR = YES;
				GCC_WARN_UNINITIALIZED_AUTOS = YES_AGGRESSIVE;
				GCC_WARN_UNUSED_FUNCTION = YES;
				GCC_WARN_UNUSED_VARIABLE = YES;
				IPHONEOS_DEPLOYMENT_TARGET = 15.4;
				MTL_ENABLE_DEBUG_INFO = INCLUDE_SOURCE;
				MTL_FAST_MATH = YES;
				ONLY_ACTIVE_ARCH = YES;
				SDKROOT = iphoneos;
				SWIFT_ACTIVE_COMPILATION_CONDITIONS = DEBUG;
				SWIFT_OPTIMIZATION_LEVEL = "-Onone";
			};
			name = Debug;
		};
		5D13FCBE287AB3F600F5DF4D /* Release */ = {
			isa = XCBuildConfiguration;
			buildSettings = {
				ALWAYS_SEARCH_USER_PATHS = NO;
				CLANG_ANALYZER_NONNULL = YES;
				CLANG_ANALYZER_NUMBER_OBJECT_CONVERSION = YES_AGGRESSIVE;
				CLANG_CXX_LANGUAGE_STANDARD = "gnu++17";
				CLANG_ENABLE_MODULES = YES;
				CLANG_ENABLE_OBJC_ARC = YES;
				CLANG_ENABLE_OBJC_WEAK = YES;
				CLANG_WARN_BLOCK_CAPTURE_AUTORELEASING = YES;
				CLANG_WARN_BOOL_CONVERSION = YES;
				CLANG_WARN_COMMA = YES;
				CLANG_WARN_CONSTANT_CONVERSION = YES;
				CLANG_WARN_DEPRECATED_OBJC_IMPLEMENTATIONS = YES;
				CLANG_WARN_DIRECT_OBJC_ISA_USAGE = YES_ERROR;
				CLANG_WARN_DOCUMENTATION_COMMENTS = YES;
				CLANG_WARN_EMPTY_BODY = YES;
				CLANG_WARN_ENUM_CONVERSION = YES;
				CLANG_WARN_INFINITE_RECURSION = YES;
				CLANG_WARN_INT_CONVERSION = YES;
				CLANG_WARN_NON_LITERAL_NULL_CONVERSION = YES;
				CLANG_WARN_OBJC_IMPLICIT_RETAIN_SELF = YES;
				CLANG_WARN_OBJC_LITERAL_CONVERSION = YES;
				CLANG_WARN_OBJC_ROOT_CLASS = YES_ERROR;
				CLANG_WARN_QUOTED_INCLUDE_IN_FRAMEWORK_HEADER = YES;
				CLANG_WARN_RANGE_LOOP_ANALYSIS = YES;
				CLANG_WARN_STRICT_PROTOTYPES = YES;
				CLANG_WARN_SUSPICIOUS_MOVE = YES;
				CLANG_WARN_UNGUARDED_AVAILABILITY = YES_AGGRESSIVE;
				CLANG_WARN_UNREACHABLE_CODE = YES;
				CLANG_WARN__DUPLICATE_METHOD_MATCH = YES;
				COPY_PHASE_STRIP = NO;
				DEBUG_INFORMATION_FORMAT = "dwarf-with-dsym";
				ENABLE_NS_ASSERTIONS = NO;
				ENABLE_STRICT_OBJC_MSGSEND = YES;
				GCC_C_LANGUAGE_STANDARD = gnu11;
				GCC_NO_COMMON_BLOCKS = YES;
				GCC_WARN_64_TO_32_BIT_CONVERSION = YES;
				GCC_WARN_ABOUT_RETURN_TYPE = YES_ERROR;
				GCC_WARN_UNDECLARED_SELECTOR = YES;
				GCC_WARN_UNINITIALIZED_AUTOS = YES_AGGRESSIVE;
				GCC_WARN_UNUSED_FUNCTION = YES;
				GCC_WARN_UNUSED_VARIABLE = YES;
				IPHONEOS_DEPLOYMENT_TARGET = 15.4;
				MTL_ENABLE_DEBUG_INFO = NO;
				MTL_FAST_MATH = YES;
				SDKROOT = iphoneos;
				SWIFT_COMPILATION_MODE = wholemodule;
				SWIFT_OPTIMIZATION_LEVEL = "-O";
				VALIDATE_PRODUCT = YES;
			};
			name = Release;
		};
		5D13FCC0287AB3F600F5DF4D /* Debug */ = {
			isa = XCBuildConfiguration;
			buildSettings = {
				ASSETCATALOG_COMPILER_APPICON_NAME = AppIcon;
				ASSETCATALOG_COMPILER_GLOBAL_ACCENT_COLOR_NAME = AccentColor;
				CODE_SIGN_STYLE = Automatic;
				CURRENT_PROJECT_VERSION = 1;
				DEVELOPMENT_TEAM = 8BTD5KN5SP;
				GENERATE_INFOPLIST_FILE = YES;
				INFOPLIST_FILE = RecipeBook/Info.plist;
				INFOPLIST_KEY_UIApplicationSupportsIndirectInputEvents = YES;
				INFOPLIST_KEY_UILaunchStoryboardName = LaunchScreen;
				INFOPLIST_KEY_UISupportedInterfaceOrientations_iPad = "UIInterfaceOrientationPortrait UIInterfaceOrientationPortraitUpsideDown UIInterfaceOrientationLandscapeLeft UIInterfaceOrientationLandscapeRight";
				INFOPLIST_KEY_UISupportedInterfaceOrientations_iPhone = "UIInterfaceOrientationPortrait UIInterfaceOrientationLandscapeLeft UIInterfaceOrientationLandscapeRight";
				LD_RUNPATH_SEARCH_PATHS = (
					"$(inherited)",
					"@executable_path/Frameworks",
				);
				MARKETING_VERSION = 1.0;
				PRODUCT_BUNDLE_IDENTIFIER = chulep.RecipeBook;
				PRODUCT_NAME = "$(TARGET_NAME)";
				SWIFT_EMIT_LOC_STRINGS = YES;
				SWIFT_VERSION = 5.0;
				TARGETED_DEVICE_FAMILY = "1,2";
			};
			name = Debug;
		};
		5D13FCC1287AB3F600F5DF4D /* Release */ = {
			isa = XCBuildConfiguration;
			buildSettings = {
				ASSETCATALOG_COMPILER_APPICON_NAME = AppIcon;
				ASSETCATALOG_COMPILER_GLOBAL_ACCENT_COLOR_NAME = AccentColor;
				CODE_SIGN_STYLE = Automatic;
				CURRENT_PROJECT_VERSION = 1;
				DEVELOPMENT_TEAM = 8BTD5KN5SP;
				GENERATE_INFOPLIST_FILE = YES;
				INFOPLIST_FILE = RecipeBook/Info.plist;
				INFOPLIST_KEY_UIApplicationSupportsIndirectInputEvents = YES;
				INFOPLIST_KEY_UILaunchStoryboardName = LaunchScreen;
				INFOPLIST_KEY_UISupportedInterfaceOrientations_iPad = "UIInterfaceOrientationPortrait UIInterfaceOrientationPortraitUpsideDown UIInterfaceOrientationLandscapeLeft UIInterfaceOrientationLandscapeRight";
				INFOPLIST_KEY_UISupportedInterfaceOrientations_iPhone = "UIInterfaceOrientationPortrait UIInterfaceOrientationLandscapeLeft UIInterfaceOrientationLandscapeRight";
				LD_RUNPATH_SEARCH_PATHS = (
					"$(inherited)",
					"@executable_path/Frameworks",
				);
				MARKETING_VERSION = 1.0;
				PRODUCT_BUNDLE_IDENTIFIER = chulep.RecipeBook;
				PRODUCT_NAME = "$(TARGET_NAME)";
				SWIFT_EMIT_LOC_STRINGS = YES;
				SWIFT_VERSION = 5.0;
				TARGETED_DEVICE_FAMILY = "1,2";
			};
			name = Release;
		};
/* End XCBuildConfiguration section */

/* Begin XCConfigurationList section */
		5D13FCA3287AB3F400F5DF4D /* Build configuration list for PBXProject "RecipeBook" */ = {
			isa = XCConfigurationList;
			buildConfigurations = (
				5D13FCBD287AB3F600F5DF4D /* Debug */,
				5D13FCBE287AB3F600F5DF4D /* Release */,
			);
			defaultConfigurationIsVisible = 0;
			defaultConfigurationName = Release;
		};
		5D13FCBF287AB3F600F5DF4D /* Build configuration list for PBXNativeTarget "RecipeBook" */ = {
			isa = XCConfigurationList;
			buildConfigurations = (
				5D13FCC0287AB3F600F5DF4D /* Debug */,
				5D13FCC1287AB3F600F5DF4D /* Release */,
			);
			defaultConfigurationIsVisible = 0;
			defaultConfigurationName = Release;
		};
/* End XCConfigurationList section */

/* Begin XCVersionGroup section */
		5D13FCB4287AB3F400F5DF4D /* RecipeBook.xcdatamodeld */ = {
			isa = XCVersionGroup;
			children = (
				5D13FCB5287AB3F400F5DF4D /* RecipeBook.xcdatamodel */,
			);
			currentVersion = 5D13FCB5287AB3F400F5DF4D /* RecipeBook.xcdatamodel */;
			path = RecipeBook.xcdatamodeld;
			sourceTree = "<group>";
			versionGroupType = wrapper.xcdatamodel;
		};
/* End XCVersionGroup section */
	};
	rootObject = 5D13FCA0287AB3F400F5DF4D /* Project object */;
}
